
Microsoft Visual Studio Solution File, Format Version 12.00
# Visual Studio Version 17
VisualStudioVersion = 17.4.33403.182
MinimumVisualStudioVersion = 10.0.40219.1
Project("{FAE04EC0-301F-11D3-BF4B-00C04F79EFBC}") = "Locaserv.Test.Api", "Locaserv.Test.Api\Locaserv.Test.Api.csproj", "{DC19F06A-96F5-4C49-8D41-8A58CAC736D7}"
EndProject
Global
	GlobalSection(SolutionConfigurationPlatforms) = preSolution
		Debug|Any CPU = Debug|Any CPU
		Release|Any CPU = Release|Any CPU
	EndGlobalSection
	GlobalSection(ProjectConfigurationPlatforms) = postSolution
		{DC19F06A-96F5-4C49-8D41-8A58CAC736D7}.Debug|Any CPU.ActiveCfg = Debug|Any CPU
		{DC19F06A-96F5-4C49-8D41-8A58CAC736D7}.Debug|Any CPU.Build.0 = Debug|Any CPU
		{DC19F06A-96F5-4C49-8D41-8A58CAC736D7}.Release|Any CPU.ActiveCfg = Release|Any CPU
		{DC19F06A-96F5-4C49-8D41-8A58CAC736D7}.Release|Any CPU.Build.0 = Release|Any CPU
	EndGlobalSection
	GlobalSection(SolutionProperties) = preSolution
		HideSolutionNode = FALSE
	EndGlobalSection
	GlobalSection(ExtensibilityGlobals) = postSolution
		SolutionGuid = {33D2DE6F-3791-4FA7-9842-ECE85D6FCE57}
	EndGlobalSection
EndGlobal
